<Solution>
  <Configurations>
    <Platform Name="Any CPU" />
    <Platform Name="ARM" />
    <Platform Name="ARM64" />
    <Platform Name="x64" />
    <Platform Name="x86" />
  </Configurations>
  <Project Path="MDReader.App/MDReader.App.csproj" />
  <Project Path="MDReader.Tests/MDReader.Tests.csproj" />
  <Project Path="WapProject/WapProject.wapproj" Type="c7167f0d-bc9f-4e6e-afe1-012c56b48db5" Id="b6adc1a1-a92d-4e7e-85f9-f129798f716e">
    <Deploy />
  </Project>
</Solution>
